
Microsoft Visual Studio Solution File, Format Version 12.00
# Visual Studio Version 17
VisualStudioVersion = 17.0.31903.59
MinimumVisualStudioVersion = 10.0.40219.1
Project("{FAE04EC0-301F-11D3-BF4B-00C04F79EFBC}") = "API", "API\API.csproj", "{9C7AF7A8-767C-46D1-AE07-45140CC404AF}"
EndProject
Project("{FAE04EC0-301F-11D3-BF4B-00C04F79EFBC}") = "Core", "Core\Core.csproj", "{2B96DCB5-6E98-440F-A7E7-4648A78ABCD3}"
EndProject
Project("{FAE04EC0-301F-11D3-BF4B-00C04F79EFBC}") = "Infrastructure", "Infrastructure\Infrastructure.csproj", "{59FE8A33-1C95-4FDF-A4F2-4C2A1DECD2B5}"
EndProject
Global
	GlobalSection(SolutionConfigurationPlatforms) = preSolution
		Debug|Any CPU = Debug|Any CPU
		Debug|x64 = Debug|x64
		Debug|x86 = Debug|x86
		Release|Any CPU = Release|Any CPU
		Release|x64 = Release|x64
		Release|x86 = Release|x86
	EndGlobalSection
	GlobalSection(ProjectConfigurationPlatforms) = postSolution
		{9C7AF7A8-767C-46D1-AE07-45140CC404AF}.Debug|Any CPU.ActiveCfg = Debug|Any CPU
		{9C7AF7A8-767C-46D1-AE07-45140CC404AF}.Debug|Any CPU.Build.0 = Debug|Any CPU
		{9C7AF7A8-767C-46D1-AE07-45140CC404AF}.Debug|x64.ActiveCfg = Debug|Any CPU
		{9C7AF7A8-767C-46D1-AE07-45140CC404AF}.Debug|x64.Build.0 = Debug|Any CPU
		{9C7AF7A8-767C-46D1-AE07-45140CC404AF}.Debug|x86.ActiveCfg = Debug|Any CPU
		{9C7AF7A8-767C-46D1-AE07-45140CC404AF}.Debug|x86.Build.0 = Debug|Any CPU
		{9C7AF7A8-767C-46D1-AE07-45140CC404AF}.Release|Any CPU.ActiveCfg = Release|Any CPU
		{9C7AF7A8-767C-46D1-AE07-45140CC404AF}.Release|Any CPU.Build.0 = Release|Any CPU
		{9C7AF7A8-767C-46D1-AE07-45140CC404AF}.Release|x64.ActiveCfg = Release|Any CPU
		{9C7AF7A8-767C-46D1-AE07-45140CC404AF}.Release|x64.Build.0 = Release|Any CPU
		{9C7AF7A8-767C-46D1-AE07-45140CC404AF}.Release|x86.ActiveCfg = Release|Any CPU
		{9C7AF7A8-767C-46D1-AE07-45140CC404AF}.Release|x86.Build.0 = Release|Any CPU
		{2B96DCB5-6E98-440F-A7E7-4648A78ABCD3}.Debug|Any CPU.ActiveCfg = Debug|Any CPU
		{2B96DCB5-6E98-440F-A7E7-4648A78ABCD3}.Debug|Any CPU.Build.0 = Debug|Any CPU
		{2B96DCB5-6E98-440F-A7E7-4648A78ABCD3}.Debug|x64.ActiveCfg = Debug|Any CPU
		{2B96DCB5-6E98-440F-A7E7-4648A78ABCD3}.Debug|x64.Build.0 = Debug|Any CPU
		{2B96DCB5-6E98-440F-A7E7-4648A78ABCD3}.Debug|x86.ActiveCfg = Debug|Any CPU
		{2B96DCB5-6E98-440F-A7E7-4648A78ABCD3}.Debug|x86.Build.0 = Debug|Any CPU
		{2B96DCB5-6E98-440F-A7E7-4648A78ABCD3}.Release|Any CPU.ActiveCfg = Release|Any CPU
		{2B96DCB5-6E98-440F-A7E7-4648A78ABCD3}.Release|Any CPU.Build.0 = Release|Any CPU
		{2B96DCB5-6E98-440F-A7E7-4648A78ABCD3}.Release|x64.ActiveCfg = Release|Any CPU
		{2B96DCB5-6E98-440F-A7E7-4648A78ABCD3}.Release|x64.Build.0 = Release|Any CPU
		{2B96DCB5-6E98-440F-A7E7-4648A78ABCD3}.Release|x86.ActiveCfg = Release|Any CPU
		{2B96DCB5-6E98-440F-A7E7-4648A78ABCD3}.Release|x86.Build.0 = Release|Any CPU
		{59FE8A33-1C95-4FDF-A4F2-4C2A1DECD2B5}.Debug|Any CPU.ActiveCfg = Debug|Any CPU
		{59FE8A33-1C95-4FDF-A4F2-4C2A1DECD2B5}.Debug|Any CPU.Build.0 = Debug|Any CPU
		{59FE8A33-1C95-4FDF-A4F2-4C2A1DECD2B5}.Debug|x64.ActiveCfg = Debug|Any CPU
		{59FE8A33-1C95-4FDF-A4F2-4C2A1DECD2B5}.Debug|x64.Build.0 = Debug|Any CPU
		{59FE8A33-1C95-4FDF-A4F2-4C2A1DECD2B5}.Debug|x86.ActiveCfg = Debug|Any CPU
		{59FE8A33-1C95-4FDF-A4F2-4C2A1DECD2B5}.Debug|x86.Build.0 = Debug|Any CPU
		{59FE8A33-1C95-4FDF-A4F2-4C2A1DECD2B5}.Release|Any CPU.ActiveCfg = Release|Any CPU
		{59FE8A33-1C95-4FDF-A4F2-4C2A1DECD2B5}.Release|Any CPU.Build.0 = Release|Any CPU
		{59FE8A33-1C95-4FDF-A4F2-4C2A1DECD2B5}.Release|x64.ActiveCfg = Release|Any CPU
		{59FE8A33-1C95-4FDF-A4F2-4C2A1DECD2B5}.Release|x64.Build.0 = Release|Any CPU
		{59FE8A33-1C95-4FDF-A4F2-4C2A1DECD2B5}.Release|x86.ActiveCfg = Release|Any CPU
		{59FE8A33-1C95-4FDF-A4F2-4C2A1DECD2B5}.Release|x86.Build.0 = Release|Any CPU
	EndGlobalSection
	GlobalSection(SolutionProperties) = preSolution
		HideSolutionNode = FALSE
	EndGlobalSection
	GlobalSection(ExtensibilityGlobals) = postSolution
		SolutionGuid = {3F1F2DA0-BC99-4FE7-A057-080B576CF0CA}
	EndGlobalSection
EndGlobal
